// !$*UTF8*$!
{
	archiveVersion = 1;
	classes = {
	};
	objectVersion = 50;
	objects = {

/* Begin PBXBuildFile section */
		EF46AB412384DE2300BDDDA0 /* AppDelegate.swift in Sources */ = {isa = PBXBuildFile; fileRef = EF46AB402384DE2300BDDDA0 /* AppDelegate.swift */; };
		EF46AB432384DE2300BDDDA0 /* ViewController.swift in Sources */ = {isa = PBXBuildFile; fileRef = EF46AB422384DE2300BDDDA0 /* ViewController.swift */; };
		EF46AB462384DE2300BDDDA0 /* Main.storyboard in Resources */ = {isa = PBXBuildFile; fileRef = EF46AB442384DE2300BDDDA0 /* Main.storyboard */; };
		EF46AB482384DE2500BDDDA0 /* Assets.xcassets in Resources */ = {isa = PBXBuildFile; fileRef = EF46AB472384DE2500BDDDA0 /* Assets.xcassets */; };
		EF46AB4B2384DE2500BDDDA0 /* LaunchScreen.storyboard in Resources */ = {isa = PBXBuildFile; fileRef = EF46AB492384DE2500BDDDA0 /* LaunchScreen.storyboard */; };
		EF46AB562384DE2500BDDDA0 /* iOS_demoTests.swift in Sources */ = {isa = PBXBuildFile; fileRef = EF46AB552384DE2500BDDDA0 /* iOS_demoTests.swift */; };
		EF85DEE2238597DC001891B5 /* MyTableViewCell.swift in Sources */ = {isa = PBXBuildFile; fileRef = EF85DEE1238597DC001891B5 /* MyTableViewCell.swift */; };
		EF85DEE423859802001891B5 /* DetailViewController.swift in Sources */ = {isa = PBXBuildFile; fileRef = EF85DEE323859802001891B5 /* DetailViewController.swift */; };
		EF85DEE62385A4D3001891B5 /* ComposeViewController.swift in Sources */ = {isa = PBXBuildFile; fileRef = EF85DEE52385A4D3001891B5 /* ComposeViewController.swift */; };
		EFEABBB323860D15001495FC /* Entry.swift in Sources */ = {isa = PBXBuildFile; fileRef = EFEABBB223860D15001495FC /* Entry.swift */; };
		EFEABBB52386149B001495FC /* EntryDatabase.swift in Sources */ = {isa = PBXBuildFile; fileRef = EFEABBB42386149B001495FC /* EntryDatabase.swift */; };
/* End PBXBuildFile section */

/* Begin PBXContainerItemProxy section */
		EF46AB522384DE2500BDDDA0 /* PBXContainerItemProxy */ = {
			isa = PBXContainerItemProxy;
			containerPortal = EF46AB352384DE2300BDDDA0 /* Project object */;
			proxyType = 1;
			remoteGlobalIDString = EF46AB3C2384DE2300BDDDA0;
			remoteInfo = iOS_demo;
		};
/* End PBXContainerItemProxy section */

/* Begin PBXFileReference section */
		EF46AB3D2384DE2300BDDDA0 /* iOS_demo.app */ = {isa = PBXFileReference; explicitFileType = wrapper.application; includeInIndex = 0; path = iOS_demo.app; sourceTree = BUILT_PRODUCTS_DIR; };
		EF46AB402384DE2300BDDDA0 /* AppDelegate.swift */ = {isa = PBXFileReference; lastKnownFileType = sourcecode.swift; path = AppDelegate.swift; sourceTree = "<group>"; };
		EF46AB422384DE2300BDDDA0 /* ViewController.swift */ = {isa = PBXFileReference; lastKnownFileType = sourcecode.swift; path = ViewController.swift; sourceTree = "<group>"; };
		EF46AB452384DE2300BDDDA0 /* Base */ = {isa = PBXFileReference; lastKnownFileType = file.storyboard; name = Base; path = Base.lproj/Main.storyboard; sourceTree = "<group>"; };
		EF46AB472384DE2500BDDDA0 /* Assets.xcassets */ = {isa = PBXFileReference; lastKnownFileType = folder.assetcatalog; path = Assets.xcassets; sourceTree = "<group>"; };
		EF46AB4A2384DE2500BDDDA0 /* Base */ = {isa = PBXFileReference; lastKnownFileType = file.storyboard; name = Base; path = Base.lproj/LaunchScreen.storyboard; sourceTree = "<group>"; };
		EF46AB4C2384DE2500BDDDA0 /* Info.plist */ = {isa = PBXFileReference; lastKnownFileType = text.plist.xml; path = Info.plist; sourceTree = "<group>"; };
		EF46AB512384DE2500BDDDA0 /* iOS_demoTests.xctest */ = {isa = PBXFileReference; explicitFileType = wrapper.cfbundle; includeInIndex = 0; path = iOS_demoTests.xctest; sourceTree = BUILT_PRODUCTS_DIR; };
		EF46AB552384DE2500BDDDA0 /* iOS_demoTests.swift */ = {isa = PBXFileReference; lastKnownFileType = sourcecode.swift; path = iOS_demoTests.swift; sourceTree = "<group>"; };
		EF46AB572384DE2500BDDDA0 /* Info.plist */ = {isa = PBXFileReference; lastKnownFileType = text.plist.xml; path = Info.plist; sourceTree = "<group>"; };
		EF85DEE1238597DC001891B5 /* MyTableViewCell.swift */ = {isa = PBXFileReference; lastKnownFileType = sourcecode.swift; path = MyTableViewCell.swift; sourceTree = "<group>"; };
		EF85DEE323859802001891B5 /* DetailViewController.swift */ = {isa = PBXFileReference; lastKnownFileType = sourcecode.swift; path = DetailViewController.swift; sourceTree = "<group>"; };
		EF85DEE52385A4D3001891B5 /* ComposeViewController.swift */ = {isa = PBXFileReference; lastKnownFileType = sourcecode.swift; path = ComposeViewController.swift; sourceTree = "<group>"; };
		EFEABBB223860D15001495FC /* Entry.swift */ = {isa = PBXFileReference; lastKnownFileType = sourcecode.swift; path = Entry.swift; sourceTree = "<group>"; };
		EFEABBB42386149B001495FC /* EntryDatabase.swift */ = {isa = PBXFileReference; lastKnownFileType = sourcecode.swift; path = EntryDatabase.swift; sourceTree = "<group>"; };
/* End PBXFileReference section */

/* Begin PBXFrameworksBuildPhase section */
		EF46AB3A2384DE2300BDDDA0 /* Frameworks */ = {
			isa = PBXFrameworksBuildPhase;
			buildActionMask = 2147483647;
			files = (
			);
			runOnlyForDeploymentPostprocessing = 0;
		};
		EF46AB4E2384DE2500BDDDA0 /* Frameworks */ = {
			isa = PBXFrameworksBuildPhase;
			buildActionMask = 2147483647;
			files = (
			);
			runOnlyForDeploymentPostprocessing = 0;
		};
/* End PBXFrameworksBuildPhase section */

/* Begin PBXGroup section */
		EF46AB342384DE2300BDDDA0 = {
			isa = PBXGroup;
			children = (
				EF46AB3F2384DE2300BDDDA0 /* iOS_demo */,
				EF46AB542384DE2500BDDDA0 /* iOS_demoTests */,
				EF46AB3E2384DE2300BDDDA0 /* Products */,
			);
			sourceTree = "<group>";
		};
		EF46AB3E2384DE2300BDDDA0 /* Products */ = {
			isa = PBXGroup;
			children = (
				EF46AB3D2384DE2300BDDDA0 /* iOS_demo.app */,
				EF46AB512384DE2500BDDDA0 /* iOS_demoTests.xctest */,
			);
			name = Products;
			sourceTree = "<group>";
		};
		EF46AB3F2384DE2300BDDDA0 /* iOS_demo */ = {
			isa = PBXGroup;
			children = (
				EF85DEEB23860C60001891B5 /* Model */,
				EF46AB402384DE2300BDDDA0 /* AppDelegate.swift */,
				EF46AB442384DE2300BDDDA0 /* Main.storyboard */,
				EF46AB632384E81200BDDDA0 /* Controllers */,
				EF46AB622384E7E800BDDDA0 /* View */,
				EF46AB472384DE2500BDDDA0 /* Assets.xcassets */,
				EF46AB492384DE2500BDDDA0 /* LaunchScreen.storyboard */,
				EF46AB4C2384DE2500BDDDA0 /* Info.plist */,
			);
			path = iOS_demo;
			sourceTree = "<group>";
		};
		EF46AB542384DE2500BDDDA0 /* iOS_demoTests */ = {
			isa = PBXGroup;
			children = (
				EF46AB552384DE2500BDDDA0 /* iOS_demoTests.swift */,
				EF46AB572384DE2500BDDDA0 /* Info.plist */,
			);
			path = iOS_demoTests;
			sourceTree = "<group>";
		};
		EF46AB622384E7E800BDDDA0 /* View */ = {
			isa = PBXGroup;
			children = (
				EF85DEE1238597DC001891B5 /* MyTableViewCell.swift */,
			);
			path = View;
			sourceTree = "<group>";
		};
		EF46AB632384E81200BDDDA0 /* Controllers */ = {
			isa = PBXGroup;
			children = (
				EF85DEE52385A4D3001891B5 /* ComposeViewController.swift */,
				EF46AB422384DE2300BDDDA0 /* ViewController.swift */,
				EF85DEE323859802001891B5 /* DetailViewController.swift */,
			);
			path = Controllers;
			sourceTree = "<group>";
		};
		EF85DEEB23860C60001891B5 /* Model */ = {
			isa = PBXGroup;
			children = (
				EFEABBB223860D15001495FC /* Entry.swift */,
				EFEABBB42386149B001495FC /* EntryDatabase.swift */,
			);
			path = Model;
			sourceTree = "<group>";
		};
/* End PBXGroup section */

/* Begin PBXNativeTarget section */
		EF46AB3C2384DE2300BDDDA0 /* iOS_demo */ = {
			isa = PBXNativeTarget;
			buildConfigurationList = EF46AB5A2384DE2500BDDDA0 /* Build configuration list for PBXNativeTarget "iOS_demo" */;
			buildPhases = (
				EF46AB392384DE2300BDDDA0 /* Sources */,
				EF46AB3A2384DE2300BDDDA0 /* Frameworks */,
				EF46AB3B2384DE2300BDDDA0 /* Resources */,
			);
			buildRules = (
			);
			dependencies = (
			);
			name = iOS_demo;
			productName = iOS_demo;
			productReference = EF46AB3D2384DE2300BDDDA0 /* iOS_demo.app */;
			productType = "com.apple.product-type.application";
		};
		EF46AB502384DE2500BDDDA0 /* iOS_demoTests */ = {
			isa = PBXNativeTarget;
			buildConfigurationList = EF46AB5D2384DE2500BDDDA0 /* Build configuration list for PBXNativeTarget "iOS_demoTests" */;
			buildPhases = (
				EF46AB4D2384DE2500BDDDA0 /* Sources */,
				EF46AB4E2384DE2500BDDDA0 /* Frameworks */,
				EF46AB4F2384DE2500BDDDA0 /* Resources */,
			);
			buildRules = (
			);
			dependencies = (
				EF46AB532384DE2500BDDDA0 /* PBXTargetDependency */,
			);
			name = iOS_demoTests;
			productName = iOS_demoTests;
			productReference = EF46AB512384DE2500BDDDA0 /* iOS_demoTests.xctest */;
			productType = "com.apple.product-type.bundle.unit-test";
		};
/* End PBXNativeTarget section */

/* Begin PBXProject section */
		EF46AB352384DE2300BDDDA0 /* Project object */ = {
			isa = PBXProject;
			attributes = {
				LastSwiftUpdateCheck = 1030;
				LastUpgradeCheck = 1030;
				ORGANIZATIONNAME = "Emily Tan";
				TargetAttributes = {
					EF46AB3C2384DE2300BDDDA0 = {
						CreatedOnToolsVersion = 10.3;
					};
					EF46AB502384DE2500BDDDA0 = {
						CreatedOnToolsVersion = 10.3;
						TestTargetID = EF46AB3C2384DE2300BDDDA0;
					};
				};
			};
			buildConfigurationList = EF46AB382384DE2300BDDDA0 /* Build configuration list for PBXProject "iOS_demo" */;
			compatibilityVersion = "Xcode 9.3";
			developmentRegion = en;
			hasScannedForEncodings = 0;
			knownRegions = (
				en,
				Base,
			);
			mainGroup = EF46AB342384DE2300BDDDA0;
			productRefGroup = EF46AB3E2384DE2300BDDDA0 /* Products */;
			projectDirPath = "";
			projectRoot = "";
			targets = (
				EF46AB3C2384DE2300BDDDA0 /* iOS_demo */,
				EF46AB502384DE2500BDDDA0 /* iOS_demoTests */,
			);
		};
/* End PBXProject section */

/* Begin PBXResourcesBuildPhase section */
		EF46AB3B2384DE2300BDDDA0 /* Resources */ = {
			isa = PBXResourcesBuildPhase;
			buildActionMask = 2147483647;
			files = (
				EF46AB4B2384DE2500BDDDA0 /* LaunchScreen.storyboard in Resources */,
				EF46AB482384DE2500BDDDA0 /* Assets.xcassets in Resources */,
				EF46AB462384DE2300BDDDA0 /* Main.storyboard in Resources */,
			);
			runOnlyForDeploymentPostprocessing = 0;
		};
		EF46AB4F2384DE2500BDDDA0 /* Resources */ = {
			isa = PBXResourcesBuildPhase;
			buildActionMask = 2147483647;
			files = (
			);
			runOnlyForDeploymentPostprocessing = 0;
		};
/* End PBXResourcesBuildPhase section */

/* Begin PBXSourcesBuildPhase section */
		EF46AB392384DE2300BDDDA0 /* Sources */ = {
			isa = PBXSourcesBuildPhase;
			buildActionMask = 2147483647;
			files = (
				EFEABBB52386149B001495FC /* EntryDatabase.swift in Sources */,
				EFEABBB323860D15001495FC /* Entry.swift in Sources */,
				EF85DEE62385A4D3001891B5 /* ComposeViewController.swift in Sources */,
				EF46AB432384DE2300BDDDA0 /* ViewController.swift in Sources */,
				EF85DEE2238597DC001891B5 /* MyTableViewCell.swift in Sources */,
				EF46AB412384DE2300BDDDA0 /* AppDelegate.swift in Sources */,
				EF85DEE423859802001891B5 /* DetailViewController.swift in Sources */,
			);
			runOnlyForDeploymentPostprocessing = 0;
		};
		EF46AB4D2384DE2500BDDDA0 /* Sources */ = {
			isa = PBXSourcesBuildPhase;
			buildActionMask = 2147483647;
			files = (
				EF46AB562384DE2500BDDDA0 /* iOS_demoTests.swift in Sources */,
			);
			runOnlyForDeploymentPostprocessing = 0;
		};
/* End PBXSourcesBuildPhase section */

/* Begin PBXTargetDependency section */
		EF46AB532384DE2500BDDDA0 /* PBXTargetDependency */ = {
			isa = PBXTargetDependency;
			target = EF46AB3C2384DE2300BDDDA0 /* iOS_demo */;
			targetProxy = EF46AB522384DE2500BDDDA0 /* PBXContainerItemProxy */;
		};
/* End PBXTargetDependency section */

/* Begin PBXVariantGroup section */
		EF46AB442384DE2300BDDDA0 /* Main.storyboard */ = {
			isa = PBXVariantGroup;
			children = (
				EF46AB452384DE2300BDDDA0 /* Base */,
			);
			name = Main.storyboard;
			sourceTree = "<group>";
		};
		EF46AB492384DE2500BDDDA0 /* LaunchScreen.storyboard */ = {
			isa = PBXVariantGroup;
			children = (
				EF46AB4A2384DE2500BDDDA0 /* Base */,
			);
			name = LaunchScreen.storyboard;
			sourceTree = "<group>";
		};
/* End PBXVariantGroup section */

/* Begin XCBuildConfiguration section */
		EF46AB582384DE2500BDDDA0 /* Debug */ = {
			isa = XCBuildConfiguration;
			buildSettings = {
				ALWAYS_SEARCH_USER_PATHS = NO;
				CLANG_ANALYZER_NONNULL = YES;
				CLANG_ANALYZER_NUMBER_OBJECT_CONVERSION = YES_AGGRESSIVE;
				CLANG_CXX_LANGUAGE_STANDARD = "gnu++14";
				CLANG_CXX_LIBRARY = "libc++";
				CLANG_ENABLE_MODULES = YES;
				CLANG_ENABLE_OBJC_ARC = YES;
				CLANG_ENABLE_OBJC_WEAK = YES;
				CLANG_WARN_BLOCK_CAPTURE_AUTORELEASING = YES;
				CLANG_WARN_BOOL_CONVERSION = YES;
				CLANG_WARN_COMMA = YES;
				CLANG_WARN_CONSTANT_CONVERSION = YES;
				CLANG_WARN_DEPRECATED_OBJC_IMPLEMENTATIONS = YES;
				CLANG_WARN_DIRECT_OBJC_ISA_USAGE = YES_ERROR;
				CLANG_WARN_DOCUMENTATION_COMMENTS = YES;
				CLANG_WARN_EMPTY_BODY = YES;
				CLANG_WARN_ENUM_CONVERSION = YES;
				CLANG_WARN_INFINITE_RECURSION = YES;
				CLANG_WARN_INT_CONVERSION = YES;
				CLANG_WARN_NON_LITERAL_NULL_CONVERSION = YES;
				CLANG_WARN_OBJC_IMPLICIT_RETAIN_SELF = YES;
				CLANG_WARN_OBJC_LITERAL_CONVERSION = YES;
				CLANG_WARN_OBJC_ROOT_CLASS = YES_ERROR;
				CLANG_WARN_RANGE_LOOP_ANALYSIS = YES;
				CLANG_WARN_STRICT_PROTOTYPES = YES;
				CLANG_WARN_SUSPICIOUS_MOVE = YES;
				CLANG_WARN_UNGUARDED_AVAILABILITY = YES_AGGRESSIVE;
				CLANG_WARN_UNREACHABLE_CODE = YES;
				CLANG_WARN__DUPLICATE_METHOD_MATCH = YES;
				CODE_SIGN_IDENTITY = "iPhone Developer";
				COPY_PHASE_STRIP = NO;
				DEBUG_INFORMATION_FORMAT = dwarf;
				ENABLE_STRICT_OBJC_MSGSEND = YES;
				ENABLE_TESTABILITY = YES;
				GCC_C_LANGUAGE_STANDARD = gnu11;
				GCC_DYNAMIC_NO_PIC = NO;
				GCC_NO_COMMON_BLOCKS = YES;
				GCC_OPTIMIZATION_LEVEL = 0;
				GCC_PREPROCESSOR_DEFINITIONS = (
					"DEBUG=1",
					"$(inherited)",
				);
				GCC_WARN_64_TO_32_BIT_CONVERSION = YES;
				GCC_WARN_ABOUT_RETURN_TYPE = YES_ERROR;
				GCC_WARN_UNDECLARED_SELECTOR = YES;
				GCC_WARN_UNINITIALIZED_AUTOS = YES_AGGRESSIVE;
				GCC_WARN_UNUSED_FUNCTION = YES;
				GCC_WARN_UNUSED_VARIABLE = YES;
				IPHONEOS_DEPLOYMENT_TARGET = 12.4;
				MTL_ENABLE_DEBUG_INFO = INCLUDE_SOURCE;
				MTL_FAST_MATH = YES;
				ONLY_ACTIVE_ARCH = YES;
				SDKROOT = iphoneos;
				SWIFT_ACTIVE_COMPILATION_CONDITIONS = DEBUG;
				SWIFT_OPTIMIZATION_LEVEL = "-Onone";
			};
			name = Debug;
		};
		EF46AB592384DE2500BDDDA0 /* Release */ = {
			isa = XCBuildConfiguration;
			buildSettings = {
				ALWAYS_SEARCH_USER_PATHS = NO;
				CLANG_ANALYZER_NONNULL = YES;
				CLANG_ANALYZER_NUMBER_OBJECT_CONVERSION = YES_AGGRESSIVE;
				CLANG_CXX_LANGUAGE_STANDARD = "gnu++14";
				CLANG_CXX_LIBRARY = "libc++";
				CLANG_ENABLE_MODULES = YES;
				CLANG_ENABLE_OBJC_ARC = YES;
				CLANG_ENABLE_OBJC_WEAK = YES;
				CLANG_WARN_BLOCK_CAPTURE_AUTORELEASING = YES;
				CLANG_WARN_BOOL_CONVERSION = YES;
				CLANG_WARN_COMMA = YES;
				CLANG_WARN_CONSTANT_CONVERSION = YES;
				CLANG_WARN_DEPRECATED_OBJC_IMPLEMENTATIONS = YES;
				CLANG_WARN_DIRECT_OBJC_ISA_USAGE = YES_ERROR;
				CLANG_WARN_DOCUMENTATION_COMMENTS = YES;
				CLANG_WARN_EMPTY_BODY = YES;
				CLANG_WARN_ENUM_CONVERSION = YES;
				CLANG_WARN_INFINITE_RECURSION = YES;
				CLANG_WARN_INT_CONVERSION = YES;
				CLANG_WARN_NON_LITERAL_NULL_CONVERSION = YES;
				CLANG_WARN_OBJC_IMPLICIT_RETAIN_SELF = YES;
				CLANG_WARN_OBJC_LITERAL_CONVERSION = YES;
				CLANG_WARN_OBJC_ROOT_CLASS = YES_ERROR;
				CLANG_WARN_RANGE_LOOP_ANALYSIS = YES;
				CLANG_WARN_STRICT_PROTOTYPES = YES;
				CLANG_WARN_SUSPICIOUS_MOVE = YES;
				CLANG_WARN_UNGUARDED_AVAILABILITY = YES_AGGRESSIVE;
				CLANG_WARN_UNREACHABLE_CODE = YES;
				CLANG_WARN__DUPLICATE_METHOD_MATCH = YES;
				CODE_SIGN_IDENTITY = "iPhone Developer";
				COPY_PHASE_STRIP = NO;
				DEBUG_INFORMATION_FORMAT = "dwarf-with-dsym";
				ENABLE_NS_ASSERTIONS = NO;
				ENABLE_STRICT_OBJC_MSGSEND = YES;
				GCC_C_LANGUAGE_STANDARD = gnu11;
				GCC_NO_COMMON_BLOCKS = YES;
				GCC_WARN_64_TO_32_BIT_CONVERSION = YES;
				GCC_WARN_ABOUT_RETURN_TYPE = YES_ERROR;
				GCC_WARN_UNDECLARED_SELECTOR = YES;
				GCC_WARN_UNINITIALIZED_AUTOS = YES_AGGRESSIVE;
				GCC_WARN_UNUSED_FUNCTION = YES;
				GCC_WARN_UNUSED_VARIABLE = YES;
				IPHONEOS_DEPLOYMENT_TARGET = 12.4;
				MTL_ENABLE_DEBUG_INFO = NO;
				MTL_FAST_MATH = YES;
				SDKROOT = iphoneos;
				SWIFT_COMPILATION_MODE = wholemodule;
				SWIFT_OPTIMIZATION_LEVEL = "-O";
				VALIDATE_PRODUCT = YES;
			};
			name = Release;
		};
		EF46AB5B2384DE2500BDDDA0 /* Debug */ = {
			isa = XCBuildConfiguration;
			buildSettings = {
				ASSETCATALOG_COMPILER_APPICON_NAME = AppIcon;
				CODE_SIGN_STYLE = Automatic;
				DEVELOPMENT_TEAM = 56ZT4WKAWR;
				INFOPLIST_FILE = iOS_demo/Info.plist;
				LD_RUNPATH_SEARCH_PATHS = (
					"$(inherited)",
					"@executable_path/Frameworks",
				);
				PRODUCT_BUNDLE_IDENTIFIER = "com.EmilyTan.iOS-demo";
				PRODUCT_NAME = "$(TARGET_NAME)";
				SWIFT_VERSION = 5.0;
				TARGETED_DEVICE_FAMILY = "1,2";
			};
			name = Debug;
		};
		EF46AB5C2384DE2500BDDDA0 /* Release */ = {
			isa = XCBuildConfiguration;
			buildSettings = {
				ASSETCATALOG_COMPILER_APPICON_NAME = AppIcon;
				CODE_SIGN_STYLE = Automatic;
				DEVELOPMENT_TEAM = 56ZT4WKAWR;
				INFOPLIST_FILE = iOS_demo/Info.plist;
				LD_RUNPATH_SEARCH_PATHS = (
					"$(inherited)",
					"@executable_path/Frameworks",
				);
				PRODUCT_BUNDLE_IDENTIFIER = "com.EmilyTan.iOS-demo";
				PRODUCT_NAME = "$(TARGET_NAME)";
				SWIFT_VERSION = 5.0;
				TARGETED_DEVICE_FAMILY = "1,2";
			};
			name = Release;
		};
		EF46AB5E2384DE2500BDDDA0 /* Debug */ = {
			isa = XCBuildConfiguration;
			buildSettings = {
				ALWAYS_EMBED_SWIFT_STANDARD_LIBRARIES = YES;
				BUNDLE_LOADER = "$(TEST_HOST)";
				CODE_SIGN_STYLE = Automatic;
				DEVELOPMENT_TEAM = 56ZT4WKAWR;
				INFOPLIST_FILE = iOS_demoTests/Info.plist;
				LD_RUNPATH_SEARCH_PATHS = (
					"$(inherited)",
					"@executable_path/Frameworks",
					"@loader_path/Frameworks",
				);
				PRODUCT_BUNDLE_IDENTIFIER = "com.EmilyTan.iOS-demoTests";
				PRODUCT_NAME = "$(TARGET_NAME)";
				SWIFT_VERSION = 5.0;
				TARGETED_DEVICE_FAMILY = "1,2";
				TEST_HOST = "$(BUILT_PRODUCTS_DIR)/iOS_demo.app/iOS_demo";
			};
			name = Debug;
		};
		EF46AB5F2384DE2500BDDDA0 /* Release */ = {
			isa = XCBuildConfiguration;
			buildSettings = {
				ALWAYS_EMBED_SWIFT_STANDARD_LIBRARIES = YES;
				BUNDLE_LOADER = "$(TEST_HOST)";
				CODE_SIGN_STYLE = Automatic;
				DEVELOPMENT_TEAM = 56ZT4WKAWR;
				INFOPLIST_FILE = iOS_demoTests/Info.plist;
				LD_RUNPATH_SEARCH_PATHS = (
					"$(inherited)",
					"@executable_path/Frameworks",
					"@loader_path/Frameworks",
				);
				PRODUCT_BUNDLE_IDENTIFIER = "com.EmilyTan.iOS-demoTests";
				PRODUCT_NAME = "$(TARGET_NAME)";
				SWIFT_VERSION = 5.0;
				TARGETED_DEVICE_FAMILY = "1,2";
				TEST_HOST = "$(BUILT_PRODUCTS_DIR)/iOS_demo.app/iOS_demo";
			};
			name = Release;
		};
/* End XCBuildConfiguration section */

/* Begin XCConfigurationList section */
		EF46AB382384DE2300BDDDA0 /* Build configuration list for PBXProject "iOS_demo" */ = {
			isa = XCConfigurationList;
			buildConfigurations = (
				EF46AB582384DE2500BDDDA0 /* Debug */,
				EF46AB592384DE2500BDDDA0 /* Release */,
			);
			defaultConfigurationIsVisible = 0;
			defaultConfigurationName = Release;
		};
		EF46AB5A2384DE2500BDDDA0 /* Build configuration list for PBXNativeTarget "iOS_demo" */ = {
			isa = XCConfigurationList;
			buildConfigurations = (
				EF46AB5B2384DE2500BDDDA0 /* Debug */,
				EF46AB5C2384DE2500BDDDA0 /* Release */,
			);
			defaultConfigurationIsVisible = 0;
			defaultConfigurationName = Release;
		};
		EF46AB5D2384DE2500BDDDA0 /* Build configuration list for PBXNativeTarget "iOS_demoTests" */ = {
			isa = XCConfigurationList;
			buildConfigurations = (
				EF46AB5E2384DE2500BDDDA0 /* Debug */,
				EF46AB5F2384DE2500BDDDA0 /* Release */,
			);
			defaultConfigurationIsVisible = 0;
			defaultConfigurationName = Release;
		};
/* End XCConfigurationList section */
	};
	rootObject = EF46AB352384DE2300BDDDA0 /* Project object */;
}
